
Microsoft Visual Studio Solution File, Format Version 12.00
# Visual Studio Version 17
VisualStudioVersion = 17.5.33627.172
MinimumVisualStudioVersion = 10.0.40219.1
Project("{2150E333-8FDC-42A3-9474-1A3956D46DE8}") = "src", "src", "{EE094D7A-C299-4019-96A6-5EA9C8CA01A1}"
EndProject
Project("{9A19103F-16F7-4668-BE54-9A1E7A4F7556}") = "ParallelFileCopy", "src\ParallelFileCopy\ParallelFileCopy.csproj", "{EEAEA52F-7E2A-4F34-BDC5-BB481DFE2266}"
EndProject
Project("{FAE04EC0-301F-11D3-BF4B-00C04F79EFBC}") = "ParallelFileCopy.App", "src\ParallelFileCopy.App\ParallelFileCopy.App.csproj", "{71540381-663B-494F-B15C-E288DFBEBFF7}"
EndProject
Global
	GlobalSection(SolutionConfigurationPlatforms) = preSolution
		Debug|Any CPU = Debug|Any CPU
		Release|Any CPU = Release|Any CPU
	EndGlobalSection
	GlobalSection(ProjectConfigurationPlatforms) = postSolution
		{EEAEA52F-7E2A-4F34-BDC5-BB481DFE2266}.Debug|Any CPU.ActiveCfg = Debug|Any CPU
		{EEAEA52F-7E2A-4F34-BDC5-BB481DFE2266}.Debug|Any CPU.Build.0 = Debug|Any CPU
		{EEAEA52F-7E2A-4F34-BDC5-BB481DFE2266}.Release|Any CPU.ActiveCfg = Release|Any CPU
		{EEAEA52F-7E2A-4F34-BDC5-BB481DFE2266}.Release|Any CPU.Build.0 = Release|Any CPU
		{71540381-663B-494F-B15C-E288DFBEBFF7}.Debug|Any CPU.ActiveCfg = Debug|Any CPU
		{71540381-663B-494F-B15C-E288DFBEBFF7}.Debug|Any CPU.Build.0 = Debug|Any CPU
		{71540381-663B-494F-B15C-E288DFBEBFF7}.Release|Any CPU.ActiveCfg = Release|Any CPU
		{71540381-663B-494F-B15C-E288DFBEBFF7}.Release|Any CPU.Build.0 = Release|Any CPU
	EndGlobalSection
	GlobalSection(SolutionProperties) = preSolution
		HideSolutionNode = FALSE
	EndGlobalSection
	GlobalSection(NestedProjects) = preSolution
		{EEAEA52F-7E2A-4F34-BDC5-BB481DFE2266} = {EE094D7A-C299-4019-96A6-5EA9C8CA01A1}
		{71540381-663B-494F-B15C-E288DFBEBFF7} = {EE094D7A-C299-4019-96A6-5EA9C8CA01A1}
	EndGlobalSection
	GlobalSection(ExtensibilityGlobals) = postSolution
		SolutionGuid = {56B5A068-34F3-4C94-AB52-E4999183E6F9}
	EndGlobalSection
EndGlobal
